{
    "name": "i18nlint-plugin-test",
    "version": "1.0.0",
    "lockfileVersion": 2,
    "requires": true,
    "packages": {
        "": {
            "name": "i18nlint-plugin-test",
            "version": "1.0.0",
            "dependencies": {
                "i18nlint-common": "^1.0.0",
                "ilib-locale": "^1.1.1",
                "ilib-tools-common": "^1.2.0",
                "json5": "^2.2.1"
            }
        },
        "node_modules/@log4js-node/log4js-api": {
            "version": "1.0.2",
            "resolved": "https://registry.npmjs.org/@log4js-node/log4js-api/-/log4js-api-1.0.2.tgz",
            "integrity": "sha512-6SJfx949YEWooh/CUPpJ+F491y4BYJmknz4hUN1+RHvKoUEynKbRmhnwbk/VLmh4OthLLDNCyWXfbh4DG1cTXA=="
        },
        "node_modules/i18nlint-common": {
            "version": "1.0.0",
            "resolved": "https://registry.npmjs.org/i18nlint-common/-/i18nlint-common-1.0.0.tgz",
            "integrity": "sha512-Vl+fqHPvHc2eYUY0Vs937R7ug192xrm5/PkzflbgaWCOoNBOTxWWZYOzJ0xWsSfQQTwDsesrW7Gx5PEoJsiduQ==",
            "engines": {
                "node": ">=14.0.0"
            }
        },
        "node_modules/ilib-common": {
            "version": "1.1.3",
            "resolved": "https://registry.npmjs.org/ilib-common/-/ilib-common-1.1.3.tgz",
            "integrity": "sha512-lsE6Xcprl0HQeIK1WCaanr4zhaMKIVEKUCEUWLzwxMCxnEoB65R37cRY/WreGtfp8pnj6jduamJ5RAt/JaNcjQ==",
            "dependencies": {
                "@log4js-node/log4js-api": "^1.0.2",
                "ilib-env": "^1.3.2",
                "ilib-locale": "^1.2.2"
            }
        },
        "node_modules/ilib-env": {
            "version": "1.3.2",
            "resolved": "https://registry.npmjs.org/ilib-env/-/ilib-env-1.3.2.tgz",
            "integrity": "sha512-VmbE7bnLsDftwdDm86rV0XxFgTDnFm/SdZ9guFB1FMKJw+GzwqXUpPf/Yb8kVQwp1og6l1eegjRBqysPJqfXRg=="
        },
        "node_modules/ilib-locale": {
            "version": "1.2.2",
            "resolved": "https://registry.npmjs.org/ilib-locale/-/ilib-locale-1.2.2.tgz",
            "integrity": "sha512-+JypbWBisJGNqRIFwA7x9kjrRPPMzZI3DXMUyORGCZlBWs8bzNYfYYXXEXv1vWEqIHbLsSi5QyEi7rl9LUFVUg==",
            "dependencies": {
                "ilib-env": "^1.3.2"
            }
        },
        "node_modules/ilib-tools-common": {
            "version": "1.2.0",
            "resolved": "https://registry.npmjs.org/ilib-tools-common/-/ilib-tools-common-1.2.0.tgz",
            "integrity": "sha512-m0MqHi2EE0yHvqcDrdI2EI2mP8/PUe04oEE1NouqWPmYh2V34Pe+nHxUtwsKASlwlU9gwBuQtzZILXISlVET2A==",
            "dependencies": {
                "@log4js-node/log4js-api": "^1.0.2",
                "ilib-locale": "^1.2.2",
                "ilib-xliff": "^1.0.0"
            },
            "engines": {
                "node": ">=10.0.0"
            }
        },
        "node_modules/ilib-xliff": {
            "version": "1.0.0",
            "resolved": "https://registry.npmjs.org/ilib-xliff/-/ilib-xliff-1.0.0.tgz",
            "integrity": "sha512-jAqnoDjddwuevNwVMpW4Clcispy/NsWT3Waqwa0S+pNExmPo/OdpHF3Io2ALQLYXy2QsuxZZQW8jfI5ilQ/KoQ==",
            "dependencies": {
                "ilib-common": "^1.1.3",
                "ilib-locale": "^1.2.2",
                "json5": "^2.2.1",
                "xml-js": "^1.6.11"
            }
        },
        "node_modules/json5": {
            "version": "2.2.1",
            "resolved": "https://registry.npmjs.org/json5/-/json5-2.2.1.tgz",
            "integrity": "sha512-1hqLFMSrGHRHxav9q9gNjJ5EXznIxGVO09xQRrwplcS8qs28pZ8s8hupZAmqDwZUmVZ2Qb2jnyPOWcDH8m8dlA==",
            "bin": {
                "json5": "lib/cli.js"
            },
            "engines": {
                "node": ">=6"
            }
        },
        "node_modules/sax": {
            "version": "1.2.4",
            "resolved": "https://registry.npmjs.org/sax/-/sax-1.2.4.tgz",
            "integrity": "sha512-NqVDv9TpANUjFm0N8uM5GxL36UgKi9/atZw+x7YFnQ8ckwFGKrl4xX4yWtrey3UJm5nP1kUbnYgLopqWNSRhWw=="
        },
        "node_modules/xml-js": {
            "version": "1.6.11",
            "resolved": "https://registry.npmjs.org/xml-js/-/xml-js-1.6.11.tgz",
            "integrity": "sha512-7rVi2KMfwfWFl+GpPg6m80IVMWXLRjO+PxTq7V2CDhoGak0wzYzFgUY2m4XJ47OGdXd8eLE8EmwfAmdjw7lC1g==",
            "dependencies": {
                "sax": "^1.2.4"
            },
            "bin": {
                "xml-js": "bin/cli.js"
            }
        }
    },
    "dependencies": {
        "@log4js-node/log4js-api": {
            "version": "1.0.2",
            "resolved": "https://registry.npmjs.org/@log4js-node/log4js-api/-/log4js-api-1.0.2.tgz",
            "integrity": "sha512-6SJfx949YEWooh/CUPpJ+F491y4BYJmknz4hUN1+RHvKoUEynKbRmhnwbk/VLmh4OthLLDNCyWXfbh4DG1cTXA=="
        },
        "i18nlint-common": {
            "version": "1.0.0",
            "resolved": "https://registry.npmjs.org/i18nlint-common/-/i18nlint-common-1.0.0.tgz",
            "integrity": "sha512-Vl+fqHPvHc2eYUY0Vs937R7ug192xrm5/PkzflbgaWCOoNBOTxWWZYOzJ0xWsSfQQTwDsesrW7Gx5PEoJsiduQ=="
        },
        "ilib-common": {
            "version": "1.1.3",
            "resolved": "https://registry.npmjs.org/ilib-common/-/ilib-common-1.1.3.tgz",
            "integrity": "sha512-lsE6Xcprl0HQeIK1WCaanr4zhaMKIVEKUCEUWLzwxMCxnEoB65R37cRY/WreGtfp8pnj6jduamJ5RAt/JaNcjQ==",
            "requires": {
                "@log4js-node/log4js-api": "^1.0.2",
                "ilib-env": "^1.3.2",
                "ilib-locale": "^1.2.2"
            }
        },
        "ilib-env": {
            "version": "1.3.2",
            "resolved": "https://registry.npmjs.org/ilib-env/-/ilib-env-1.3.2.tgz",
            "integrity": "sha512-VmbE7bnLsDftwdDm86rV0XxFgTDnFm/SdZ9guFB1FMKJw+GzwqXUpPf/Yb8kVQwp1og6l1eegjRBqysPJqfXRg=="
        },
        "ilib-locale": {
            "version": "1.2.2",
            "resolved": "https://registry.npmjs.org/ilib-locale/-/ilib-locale-1.2.2.tgz",
            "integrity": "sha512-+JypbWBisJGNqRIFwA7x9kjrRPPMzZI3DXMUyORGCZlBWs8bzNYfYYXXEXv1vWEqIHbLsSi5QyEi7rl9LUFVUg==",
            "requires": {
                "ilib-env": "^1.3.2"
            }
        },
        "ilib-tools-common": {
            "version": "1.2.0",
            "resolved": "https://registry.npmjs.org/ilib-tools-common/-/ilib-tools-common-1.2.0.tgz",
            "integrity": "sha512-m0MqHi2EE0yHvqcDrdI2EI2mP8/PUe04oEE1NouqWPmYh2V34Pe+nHxUtwsKASlwlU9gwBuQtzZILXISlVET2A==",
            "requires": {
                "@log4js-node/log4js-api": "^1.0.2",
                "ilib-locale": "^1.2.2",
                "ilib-xliff": "^1.0.0"
            }
        },
        "ilib-xliff": {
            "version": "1.0.0",
            "resolved": "https://registry.npmjs.org/ilib-xliff/-/ilib-xliff-1.0.0.tgz",
            "integrity": "sha512-jAqnoDjddwuevNwVMpW4Clcispy/NsWT3Waqwa0S+pNExmPo/OdpHF3Io2ALQLYXy2QsuxZZQW8jfI5ilQ/KoQ==",
            "requires": {
                "ilib-common": "^1.1.3",
                "ilib-locale": "^1.2.2",
                "json5": "^2.2.1",
                "xml-js": "^1.6.11"
            }
        },
        "json5": {
            "version": "2.2.1",
            "resolved": "https://registry.npmjs.org/json5/-/json5-2.2.1.tgz",
            "integrity": "sha512-1hqLFMSrGHRHxav9q9gNjJ5EXznIxGVO09xQRrwplcS8qs28pZ8s8hupZAmqDwZUmVZ2Qb2jnyPOWcDH8m8dlA=="
        },
        "sax": {
            "version": "1.2.4",
            "resolved": "https://registry.npmjs.org/sax/-/sax-1.2.4.tgz",
            "integrity": "sha512-NqVDv9TpANUjFm0N8uM5GxL36UgKi9/atZw+x7YFnQ8ckwFGKrl4xX4yWtrey3UJm5nP1kUbnYgLopqWNSRhWw=="
        },
        "xml-js": {
            "version": "1.6.11",
            "resolved": "https://registry.npmjs.org/xml-js/-/xml-js-1.6.11.tgz",
            "integrity": "sha512-7rVi2KMfwfWFl+GpPg6m80IVMWXLRjO+PxTq7V2CDhoGak0wzYzFgUY2m4XJ47OGdXd8eLE8EmwfAmdjw7lC1g==",
            "requires": {
                "sax": "^1.2.4"
            }
        }
    }
}
