{
    "name": "ilib-lint-plugin-test",
    "version": "1.2.0",
    "lockfileVersion": 2,
    "requires": true,
    "packages": {
        "": {
            "name": "ilib-lint-plugin-test",
            "version": "1.2.0",
            "dependencies": {
                "ilib-lint-common": "^3.0.0",
                "ilib-locale": "^1.2.2",
                "ilib-tools-common": "^1.9.1",
                "json5": "^2.2.3"
            }
        },
        "node_modules/@log4js-node/log4js-api": {
            "version": "1.0.2",
            "resolved": "https://box.jfrog.io/artifactory/api/npm/boxnpm/@log4js-node/log4js-api/-/log4js-api-1.0.2.tgz",
            "integrity": "sha512-6SJfx949YEWooh/CUPpJ+F491y4BYJmknz4hUN1+RHvKoUEynKbRmhnwbk/VLmh4OthLLDNCyWXfbh4DG1cTXA=="
        },
        "node_modules/ilib-common": {
            "version": "1.1.3",
            "resolved": "https://box.jfrog.io/artifactory/api/npm/boxnpm/ilib-common/-/ilib-common-1.1.3.tgz",
            "integrity": "sha512-lsE6Xcprl0HQeIK1WCaanr4zhaMKIVEKUCEUWLzwxMCxnEoB65R37cRY/WreGtfp8pnj6jduamJ5RAt/JaNcjQ==",
            "dependencies": {
                "@log4js-node/log4js-api": "^1.0.2",
                "ilib-env": "^1.3.2",
                "ilib-locale": "^1.2.2"
            }
        },
        "node_modules/ilib-ctype": {
            "version": "1.2.1",
            "resolved": "https://box.jfrog.io/artifactory/api/npm/boxnpm/ilib-ctype/-/ilib-ctype-1.2.1.tgz",
            "integrity": "sha512-/XKPluzBleyIl96sgn5/uGAzARZBQzTFoAIw1926MlIhUmMZ/DAEFRWvXJtcx603w2RyHfQ05y/XIzfujmX76Q==",
            "dependencies": {
                "ilib-common": "^1.1.3"
            }
        },
        "node_modules/ilib-env": {
            "version": "1.3.2",
            "resolved": "https://registry.npmjs.org/ilib-env/-/ilib-env-1.3.2.tgz",
            "integrity": "sha512-VmbE7bnLsDftwdDm86rV0XxFgTDnFm/SdZ9guFB1FMKJw+GzwqXUpPf/Yb8kVQwp1og6l1eegjRBqysPJqfXRg=="
        },
        "node_modules/ilib-lint-common": {
            "version": "3.0.0",
            "resolved": "https://box.jfrog.io/artifactory/api/npm/boxnpm/ilib-lint-common/-/ilib-lint-common-3.0.0.tgz",
            "integrity": "sha512-IfnSrxQWEB02cZwFldrHHM/nMKV+tpwLP2zDWy91QvBXLpSMQHcHmBICx9dsiooOFMLG4gpCDRFOm5F3YgBOqw==",
            "engines": {
                "node": ">=14.0.0"
            }
        },
        "node_modules/ilib-locale": {
            "version": "1.2.2",
            "resolved": "https://registry.npmjs.org/ilib-locale/-/ilib-locale-1.2.2.tgz",
            "integrity": "sha512-+JypbWBisJGNqRIFwA7x9kjrRPPMzZI3DXMUyORGCZlBWs8bzNYfYYXXEXv1vWEqIHbLsSi5QyEi7rl9LUFVUg==",
            "dependencies": {
                "ilib-env": "^1.3.2"
            }
        },
        "node_modules/ilib-tools-common": {
            "version": "1.9.1",
            "resolved": "https://box.jfrog.io/artifactory/api/npm/boxnpm/ilib-tools-common/-/ilib-tools-common-1.9.1.tgz",
            "integrity": "sha512-6r92fvq5vYfuCatNHCgRChQVePWuVoLleUUlROtndN/rm+YCICHzMx8BBROWxJtLs6ZEc0rqH6neldh5kH1lXQ==",
            "dependencies": {
                "@log4js-node/log4js-api": "^1.0.2",
                "ilib-ctype": "^1.2.0",
                "ilib-locale": "^1.2.2",
                "ilib-xliff": "^1.1.0"
            },
            "engines": {
                "node": ">=10.0.0"
            }
        },
        "node_modules/ilib-xliff": {
            "version": "1.1.0",
            "resolved": "https://box.jfrog.io/artifactory/api/npm/boxnpm/ilib-xliff/-/ilib-xliff-1.1.0.tgz",
            "integrity": "sha512-A+vJT+6z2aYwsFl8VcKvMljmZ2/f4zsnLwng5i86Sdv/YKpePK08VB0axti7KmVdYv83ECaORYY0hrGxN4qXJw==",
            "dependencies": {
                "ilib-common": "^1.1.3",
                "ilib-locale": "^1.2.2",
                "ilib-xml-js": "^1.7.0",
                "json5": "^2.2.1"
            }
        },
        "node_modules/ilib-xml-js": {
            "version": "1.7.0",
            "resolved": "https://box.jfrog.io/artifactory/api/npm/boxnpm/ilib-xml-js/-/ilib-xml-js-1.7.0.tgz",
            "integrity": "sha512-u2Uitc6238fQzIpwHx7qTt0GDii6ncBKtbLX6lvg67+x2iyQ4tz3nycyXg+c8wdaaVgqVGeBNs48uYGEKVJzkA==",
            "dependencies": {
                "sax": "^1.2.4"
            },
            "bin": {
                "ilib-xml-js": "bin/cli.js"
            }
        },
        "node_modules/json5": {
            "version": "2.2.3",
            "resolved": "https://registry.npmjs.org/json5/-/json5-2.2.3.tgz",
            "integrity": "sha512-XmOWe7eyHYH14cLdVPoyg+GOH3rYX++KpzrylJwSW98t3Nk+U8XOl8FWKOgwtzdb8lXGf6zYwDUzeHMWfxasyg==",
            "bin": {
                "json5": "lib/cli.js"
            },
            "engines": {
                "node": ">=6"
            }
        },
        "node_modules/sax": {
            "version": "1.3.0",
            "resolved": "https://box.jfrog.io/artifactory/api/npm/boxnpm/sax/-/sax-1.3.0.tgz",
            "integrity": "sha512-0s+oAmw9zLl1V1cS9BtZN7JAd0cW5e0QH4W3LWEK6a4LaLEA2OTpGYWDY+6XasBLtz6wkm3u1xRw95mRuJ59WA=="
        }
    },
    "dependencies": {
        "@log4js-node/log4js-api": {
            "version": "1.0.2",
            "resolved": "https://box.jfrog.io/artifactory/api/npm/boxnpm/@log4js-node/log4js-api/-/log4js-api-1.0.2.tgz",
            "integrity": "sha512-6SJfx949YEWooh/CUPpJ+F491y4BYJmknz4hUN1+RHvKoUEynKbRmhnwbk/VLmh4OthLLDNCyWXfbh4DG1cTXA=="
        },
        "ilib-common": {
            "version": "1.1.3",
            "resolved": "https://box.jfrog.io/artifactory/api/npm/boxnpm/ilib-common/-/ilib-common-1.1.3.tgz",
            "integrity": "sha512-lsE6Xcprl0HQeIK1WCaanr4zhaMKIVEKUCEUWLzwxMCxnEoB65R37cRY/WreGtfp8pnj6jduamJ5RAt/JaNcjQ==",
            "requires": {
                "@log4js-node/log4js-api": "^1.0.2",
                "ilib-env": "^1.3.2",
                "ilib-locale": "^1.2.2"
            }
        },
        "ilib-ctype": {
            "version": "1.2.1",
            "resolved": "https://box.jfrog.io/artifactory/api/npm/boxnpm/ilib-ctype/-/ilib-ctype-1.2.1.tgz",
            "integrity": "sha512-/XKPluzBleyIl96sgn5/uGAzARZBQzTFoAIw1926MlIhUmMZ/DAEFRWvXJtcx603w2RyHfQ05y/XIzfujmX76Q==",
            "requires": {
                "ilib-common": "^1.1.3"
            }
        },
        "ilib-env": {
            "version": "1.3.2",
            "resolved": "https://registry.npmjs.org/ilib-env/-/ilib-env-1.3.2.tgz",
            "integrity": "sha512-VmbE7bnLsDftwdDm86rV0XxFgTDnFm/SdZ9guFB1FMKJw+GzwqXUpPf/Yb8kVQwp1og6l1eegjRBqysPJqfXRg=="
        },
        "ilib-lint-common": {
            "version": "3.0.0",
            "resolved": "https://box.jfrog.io/artifactory/api/npm/boxnpm/ilib-lint-common/-/ilib-lint-common-3.0.0.tgz",
            "integrity": "sha512-IfnSrxQWEB02cZwFldrHHM/nMKV+tpwLP2zDWy91QvBXLpSMQHcHmBICx9dsiooOFMLG4gpCDRFOm5F3YgBOqw=="
        },
        "ilib-locale": {
            "version": "1.2.2",
            "resolved": "https://registry.npmjs.org/ilib-locale/-/ilib-locale-1.2.2.tgz",
            "integrity": "sha512-+JypbWBisJGNqRIFwA7x9kjrRPPMzZI3DXMUyORGCZlBWs8bzNYfYYXXEXv1vWEqIHbLsSi5QyEi7rl9LUFVUg==",
            "requires": {
                "ilib-env": "^1.3.2"
            }
        },
        "ilib-tools-common": {
            "version": "1.9.1",
            "resolved": "https://box.jfrog.io/artifactory/api/npm/boxnpm/ilib-tools-common/-/ilib-tools-common-1.9.1.tgz",
            "integrity": "sha512-6r92fvq5vYfuCatNHCgRChQVePWuVoLleUUlROtndN/rm+YCICHzMx8BBROWxJtLs6ZEc0rqH6neldh5kH1lXQ==",
            "requires": {
                "@log4js-node/log4js-api": "^1.0.2",
                "ilib-ctype": "^1.2.0",
                "ilib-locale": "^1.2.2",
                "ilib-xliff": "^1.1.0"
            }
        },
        "ilib-xliff": {
            "version": "1.1.0",
            "resolved": "https://box.jfrog.io/artifactory/api/npm/boxnpm/ilib-xliff/-/ilib-xliff-1.1.0.tgz",
            "integrity": "sha512-A+vJT+6z2aYwsFl8VcKvMljmZ2/f4zsnLwng5i86Sdv/YKpePK08VB0axti7KmVdYv83ECaORYY0hrGxN4qXJw==",
            "requires": {
                "ilib-common": "^1.1.3",
                "ilib-locale": "^1.2.2",
                "ilib-xml-js": "^1.7.0",
                "json5": "^2.2.1"
            }
        },
        "ilib-xml-js": {
            "version": "1.7.0",
            "resolved": "https://box.jfrog.io/artifactory/api/npm/boxnpm/ilib-xml-js/-/ilib-xml-js-1.7.0.tgz",
            "integrity": "sha512-u2Uitc6238fQzIpwHx7qTt0GDii6ncBKtbLX6lvg67+x2iyQ4tz3nycyXg+c8wdaaVgqVGeBNs48uYGEKVJzkA==",
            "requires": {
                "sax": "^1.2.4"
            }
        },
        "json5": {
            "version": "2.2.3",
            "resolved": "https://registry.npmjs.org/json5/-/json5-2.2.3.tgz",
            "integrity": "sha512-XmOWe7eyHYH14cLdVPoyg+GOH3rYX++KpzrylJwSW98t3Nk+U8XOl8FWKOgwtzdb8lXGf6zYwDUzeHMWfxasyg=="
        },
        "sax": {
            "version": "1.3.0",
            "resolved": "https://box.jfrog.io/artifactory/api/npm/boxnpm/sax/-/sax-1.3.0.tgz",
            "integrity": "sha512-0s+oAmw9zLl1V1cS9BtZN7JAd0cW5e0QH4W3LWEK6a4LaLEA2OTpGYWDY+6XasBLtz6wkm3u1xRw95mRuJ59WA=="
        }
    }
}
